
Microsoft Visual Studio Solution File, Format Version 12.00
# Visual Studio Version 16
VisualStudioVersion = 16.0.29609.76
MinimumVisualStudioVersion = 10.0.40219.1
Project("{FAE04EC0-301F-11D3-BF4B-00C04F79EFBC}") = "MEFQuete2", "MEFQuete2.csproj", "{89166E76-9FA0-4635-A686-DE6239A50174}"
EndProject
Global
	GlobalSection(SolutionConfigurationPlatforms) = preSolution
		Debug|Any CPU = Debug|Any CPU
		Release|Any CPU = Release|Any CPU
	EndGlobalSection
	GlobalSection(ProjectConfigurationPlatforms) = postSolution
		{89166E76-9FA0-4635-A686-DE6239A50174}.Debug|Any CPU.ActiveCfg = Debug|Any CPU
		{89166E76-9FA0-4635-A686-DE6239A50174}.Debug|Any CPU.Build.0 = Debug|Any CPU
		{89166E76-9FA0-4635-A686-DE6239A50174}.Release|Any CPU.ActiveCfg = Release|Any CPU
		{89166E76-9FA0-4635-A686-DE6239A50174}.Release|Any CPU.Build.0 = Release|Any CPU
	EndGlobalSection
	GlobalSection(SolutionProperties) = preSolution
		HideSolutionNode = FALSE
	EndGlobalSection
	GlobalSection(ExtensibilityGlobals) = postSolution
		SolutionGuid = {7D46352A-62FD-47C0-9E70-20C2BF5CB634}
	EndGlobalSection
EndGlobal
